# THIS IS AN AUTOGENERATED FILE. DO NOT EDIT THIS FILE DIRECTLY.
# yarn lockfile v1


json-to-pretty-yaml@^1.2.2:
  version "1.2.2"
  resolved "https://registry.yarnpkg.com/json-to-pretty-yaml/-/json-to-pretty-yaml-1.2.2.tgz#f4cd0bd0a5e8fe1df25aaf5ba118b099fd992d5b"
  integrity sha512-rvm6hunfCcqegwYaG5T4yKJWxc9FXFgBVrcTZ4XfSVRwa5HA/Xs+vB/Eo9treYYHCeNM0nrSUr82V/M31Urc7A==
  dependencies:
    remedial "^1.0.7"
    remove-trailing-spaces "^1.0.6"

remedial@^1.0.7:
  version "1.0.8"
  resolved "https://registry.yarnpkg.com/remedial/-/remedial-1.0.8.tgz#a5e4fd52a0e4956adbaf62da63a5a46a78c578a0"
  integrity sha512-/62tYiOe6DzS5BqVsNpH/nkGlX45C/Sp6V+NtiN6JQNS1Viay7cWkazmRkrQrdFj2eshDe96SIQNIoMxqhzBOg==

remove-trailing-spaces@^1.0.6:
  version "1.0.8"
  resolved "https://registry.yarnpkg.com/remove-trailing-spaces/-/remove-trailing-spaces-1.0.8.tgz#4354d22f3236374702f58ee373168f6d6887ada7"
  integrity sha512-O3vsMYfWighyFbTd8hk8VaSj9UAGENxAtX+//ugIst2RMk5e03h6RoIS+0ylsFxY1gvmPuAY/PO4It+gPEeySA==
